
Microsoft Visual Studio Solution File, Format Version 12.00
# Visual Studio Version 16
VisualStudioVersion = 16.0.30804.86
MinimumVisualStudioVersion = 15.0.26124.0
Project("{9A19103F-16F7-4668-BE54-9A1E7A4F7556}") = "Singulink.Cryptography.PasswordHasher.Argon2", "Singulink.Cryptography.PasswordHasher.Argon2\Singulink.Cryptography.PasswordHasher.Argon2.csproj", "{A53A9631-4326-4A13-885F-00D6BCBF1F34}"
EndProject
Project("{9A19103F-16F7-4668-BE54-9A1E7A4F7556}") = "Singulink.Cryptography.PasswordHasher.Argon2.Tests", "Singulink.Cryptography.PasswordHasher.Argon2.Tests\Singulink.Cryptography.PasswordHasher.Argon2.Tests.csproj", "{1AD3D318-E57E-4141-91AE-91B534E271CF}"
EndProject
Project("{2150E333-8FDC-42A3-9474-1A3956D46DE8}") = "Solution Items", "Solution Items", "{ACD18A00-5369-485F-BEFF-8BCAE5EFD90A}"
	ProjectSection(SolutionItems) = preProject
		.editorconfig = .editorconfig
		Directory.Build.props = Directory.Build.props
	EndProjectSection
EndProject
Project("{2150E333-8FDC-42A3-9474-1A3956D46DE8}") = "Tests", "Tests", "{05418008-A6E1-4FD4-872C-7EE9E62A54D8}"
EndProject
Global
	GlobalSection(SolutionConfigurationPlatforms) = preSolution
		Debug|Any CPU = Debug|Any CPU
		Debug|x64 = Debug|x64
		Debug|x86 = Debug|x86
		Release|Any CPU = Release|Any CPU
		Release|x64 = Release|x64
		Release|x86 = Release|x86
	EndGlobalSection
	GlobalSection(ProjectConfigurationPlatforms) = postSolution
		{A53A9631-4326-4A13-885F-00D6BCBF1F34}.Debug|Any CPU.ActiveCfg = Debug|Any CPU
		{A53A9631-4326-4A13-885F-00D6BCBF1F34}.Debug|Any CPU.Build.0 = Debug|Any CPU
		{A53A9631-4326-4A13-885F-00D6BCBF1F34}.Debug|x64.ActiveCfg = Debug|Any CPU
		{A53A9631-4326-4A13-885F-00D6BCBF1F34}.Debug|x64.Build.0 = Debug|Any CPU
		{A53A9631-4326-4A13-885F-00D6BCBF1F34}.Debug|x86.ActiveCfg = Debug|Any CPU
		{A53A9631-4326-4A13-885F-00D6BCBF1F34}.Debug|x86.Build.0 = Debug|Any CPU
		{A53A9631-4326-4A13-885F-00D6BCBF1F34}.Release|Any CPU.ActiveCfg = Release|Any CPU
		{A53A9631-4326-4A13-885F-00D6BCBF1F34}.Release|Any CPU.Build.0 = Release|Any CPU
		{A53A9631-4326-4A13-885F-00D6BCBF1F34}.Release|x64.ActiveCfg = Release|Any CPU
		{A53A9631-4326-4A13-885F-00D6BCBF1F34}.Release|x64.Build.0 = Release|Any CPU
		{A53A9631-4326-4A13-885F-00D6BCBF1F34}.Release|x86.ActiveCfg = Release|Any CPU
		{A53A9631-4326-4A13-885F-00D6BCBF1F34}.Release|x86.Build.0 = Release|Any CPU
		{1AD3D318-E57E-4141-91AE-91B534E271CF}.Debug|Any CPU.ActiveCfg = Debug|Any CPU
		{1AD3D318-E57E-4141-91AE-91B534E271CF}.Debug|Any CPU.Build.0 = Debug|Any CPU
		{1AD3D318-E57E-4141-91AE-91B534E271CF}.Debug|x64.ActiveCfg = Debug|Any CPU
		{1AD3D318-E57E-4141-91AE-91B534E271CF}.Debug|x64.Build.0 = Debug|Any CPU
		{1AD3D318-E57E-4141-91AE-91B534E271CF}.Debug|x86.ActiveCfg = Debug|Any CPU
		{1AD3D318-E57E-4141-91AE-91B534E271CF}.Debug|x86.Build.0 = Debug|Any CPU
		{1AD3D318-E57E-4141-91AE-91B534E271CF}.Release|Any CPU.ActiveCfg = Release|Any CPU
		{1AD3D318-E57E-4141-91AE-91B534E271CF}.Release|Any CPU.Build.0 = Release|Any CPU
		{1AD3D318-E57E-4141-91AE-91B534E271CF}.Release|x64.ActiveCfg = Release|Any CPU
		{1AD3D318-E57E-4141-91AE-91B534E271CF}.Release|x64.Build.0 = Release|Any CPU
		{1AD3D318-E57E-4141-91AE-91B534E271CF}.Release|x86.ActiveCfg = Release|Any CPU
		{1AD3D318-E57E-4141-91AE-91B534E271CF}.Release|x86.Build.0 = Release|Any CPU
	EndGlobalSection
	GlobalSection(SolutionProperties) = preSolution
		HideSolutionNode = FALSE
	EndGlobalSection
	GlobalSection(NestedProjects) = preSolution
		{1AD3D318-E57E-4141-91AE-91B534E271CF} = {05418008-A6E1-4FD4-872C-7EE9E62A54D8}
	EndGlobalSection
	GlobalSection(ExtensibilityGlobals) = postSolution
		SolutionGuid = {968461AB-C3CB-4CD5-97CE-B1B106DFE3AF}
	EndGlobalSection
EndGlobal
